{
  "name": "distributed-algorithms-visualisation",
  "version": "1.0.0",
  "lockfileVersion": 1,
  "dependencies": {
    "svg-innerhtml": {
      "version": "1.1.0",
      "resolved": "https://registry.npmjs.org/svg-innerhtml/-/svg-innerhtml-1.1.0.tgz",
      "integrity": "sha1-Xl0e+8Mllkeec6Ho4iHRIiZ4tng="
    }
  }
}
